
Microsoft Visual Studio Solution File, Format Version 12.00
# Visual Studio 15
VisualStudioVersion = 15.0.26124.0
MinimumVisualStudioVersion = 15.0.26124.0
Project("{FAE04EC0-301F-11D3-BF4B-00C04F79EFBC}") = "Agil.API", "Agil.API\Agil.API.csproj", "{14ED65CE-4D82-4DD2-9BE8-A051ACB2F201}"
EndProject
Project("{FAE04EC0-301F-11D3-BF4B-00C04F79EFBC}") = "Agil.Repository", "Agil.Repository\Agil.Repository.csproj", "{EAB3B7F4-F68F-4C0F-A9DD-DAF6C3A3AE01}"
EndProject
Project("{FAE04EC0-301F-11D3-BF4B-00C04F79EFBC}") = "Agil.Domain", "Agil.Domain\Agil.Domain.csproj", "{B1A348E0-9279-4663-9F41-A0C956D7D9FB}"
EndProject
Global
	GlobalSection(SolutionConfigurationPlatforms) = preSolution
		Debug|Any CPU = Debug|Any CPU
		Debug|x64 = Debug|x64
		Debug|x86 = Debug|x86
		Release|Any CPU = Release|Any CPU
		Release|x64 = Release|x64
		Release|x86 = Release|x86
	EndGlobalSection
	GlobalSection(SolutionProperties) = preSolution
		HideSolutionNode = FALSE
	EndGlobalSection
	GlobalSection(ProjectConfigurationPlatforms) = postSolution
		{14ED65CE-4D82-4DD2-9BE8-A051ACB2F201}.Debug|Any CPU.ActiveCfg = Debug|Any CPU
		{14ED65CE-4D82-4DD2-9BE8-A051ACB2F201}.Debug|Any CPU.Build.0 = Debug|Any CPU
		{14ED65CE-4D82-4DD2-9BE8-A051ACB2F201}.Debug|x64.ActiveCfg = Debug|Any CPU
		{14ED65CE-4D82-4DD2-9BE8-A051ACB2F201}.Debug|x64.Build.0 = Debug|Any CPU
		{14ED65CE-4D82-4DD2-9BE8-A051ACB2F201}.Debug|x86.ActiveCfg = Debug|Any CPU
		{14ED65CE-4D82-4DD2-9BE8-A051ACB2F201}.Debug|x86.Build.0 = Debug|Any CPU
		{14ED65CE-4D82-4DD2-9BE8-A051ACB2F201}.Release|Any CPU.ActiveCfg = Release|Any CPU
		{14ED65CE-4D82-4DD2-9BE8-A051ACB2F201}.Release|Any CPU.Build.0 = Release|Any CPU
		{14ED65CE-4D82-4DD2-9BE8-A051ACB2F201}.Release|x64.ActiveCfg = Release|Any CPU
		{14ED65CE-4D82-4DD2-9BE8-A051ACB2F201}.Release|x64.Build.0 = Release|Any CPU
		{14ED65CE-4D82-4DD2-9BE8-A051ACB2F201}.Release|x86.ActiveCfg = Release|Any CPU
		{14ED65CE-4D82-4DD2-9BE8-A051ACB2F201}.Release|x86.Build.0 = Release|Any CPU
		{EAB3B7F4-F68F-4C0F-A9DD-DAF6C3A3AE01}.Debug|Any CPU.ActiveCfg = Debug|Any CPU
		{EAB3B7F4-F68F-4C0F-A9DD-DAF6C3A3AE01}.Debug|Any CPU.Build.0 = Debug|Any CPU
		{EAB3B7F4-F68F-4C0F-A9DD-DAF6C3A3AE01}.Debug|x64.ActiveCfg = Debug|Any CPU
		{EAB3B7F4-F68F-4C0F-A9DD-DAF6C3A3AE01}.Debug|x64.Build.0 = Debug|Any CPU
		{EAB3B7F4-F68F-4C0F-A9DD-DAF6C3A3AE01}.Debug|x86.ActiveCfg = Debug|Any CPU
		{EAB3B7F4-F68F-4C0F-A9DD-DAF6C3A3AE01}.Debug|x86.Build.0 = Debug|Any CPU
		{EAB3B7F4-F68F-4C0F-A9DD-DAF6C3A3AE01}.Release|Any CPU.ActiveCfg = Release|Any CPU
		{EAB3B7F4-F68F-4C0F-A9DD-DAF6C3A3AE01}.Release|Any CPU.Build.0 = Release|Any CPU
		{EAB3B7F4-F68F-4C0F-A9DD-DAF6C3A3AE01}.Release|x64.ActiveCfg = Release|Any CPU
		{EAB3B7F4-F68F-4C0F-A9DD-DAF6C3A3AE01}.Release|x64.Build.0 = Release|Any CPU
		{EAB3B7F4-F68F-4C0F-A9DD-DAF6C3A3AE01}.Release|x86.ActiveCfg = Release|Any CPU
		{EAB3B7F4-F68F-4C0F-A9DD-DAF6C3A3AE01}.Release|x86.Build.0 = Release|Any CPU
		{B1A348E0-9279-4663-9F41-A0C956D7D9FB}.Debug|Any CPU.ActiveCfg = Debug|Any CPU
		{B1A348E0-9279-4663-9F41-A0C956D7D9FB}.Debug|Any CPU.Build.0 = Debug|Any CPU
		{B1A348E0-9279-4663-9F41-A0C956D7D9FB}.Debug|x64.ActiveCfg = Debug|Any CPU
		{B1A348E0-9279-4663-9F41-A0C956D7D9FB}.Debug|x64.Build.0 = Debug|Any CPU
		{B1A348E0-9279-4663-9F41-A0C956D7D9FB}.Debug|x86.ActiveCfg = Debug|Any CPU
		{B1A348E0-9279-4663-9F41-A0C956D7D9FB}.Debug|x86.Build.0 = Debug|Any CPU
		{B1A348E0-9279-4663-9F41-A0C956D7D9FB}.Release|Any CPU.ActiveCfg = Release|Any CPU
		{B1A348E0-9279-4663-9F41-A0C956D7D9FB}.Release|Any CPU.Build.0 = Release|Any CPU
		{B1A348E0-9279-4663-9F41-A0C956D7D9FB}.Release|x64.ActiveCfg = Release|Any CPU
		{B1A348E0-9279-4663-9F41-A0C956D7D9FB}.Release|x64.Build.0 = Release|Any CPU
		{B1A348E0-9279-4663-9F41-A0C956D7D9FB}.Release|x86.ActiveCfg = Release|Any CPU
		{B1A348E0-9279-4663-9F41-A0C956D7D9FB}.Release|x86.Build.0 = Release|Any CPU
	EndGlobalSection
EndGlobal
